
Microsoft Visual Studio Solution File, Format Version 12.00
# Visual Studio 15
VisualStudioVersion = 15.0.27004.2005
MinimumVisualStudioVersion = 10.0.40219.1
Project("{FAE04EC0-301F-11D3-BF4B-00C04F79EFBC}") = "WindowsFormsApp5", "WindowsFormsApp5\WindowsFormsApp5.csproj", "{C89966D6-5294-4D77-B53E-FF18D8C5612A}"
EndProject
Global
	GlobalSection(SolutionConfigurationPlatforms) = preSolution
		Debug|Any CPU = Debug|Any CPU
		Release|Any CPU = Release|Any CPU
	EndGlobalSection
	GlobalSection(ProjectConfigurationPlatforms) = postSolution
		{C89966D6-5294-4D77-B53E-FF18D8C5612A}.Debug|Any CPU.ActiveCfg = Debug|Any CPU
		{C89966D6-5294-4D77-B53E-FF18D8C5612A}.Debug|Any CPU.Build.0 = Debug|Any CPU
		{C89966D6-5294-4D77-B53E-FF18D8C5612A}.Release|Any CPU.ActiveCfg = Release|Any CPU
		{C89966D6-5294-4D77-B53E-FF18D8C5612A}.Release|Any CPU.Build.0 = Release|Any CPU
	EndGlobalSection
	GlobalSection(SolutionProperties) = preSolution
		HideSolutionNode = FALSE
	EndGlobalSection
	GlobalSection(ExtensibilityGlobals) = postSolution
		SolutionGuid = {0C2CC90B-3220-4055-9D3F-86449B9A9660}
	EndGlobalSection
EndGlobal
